
Microsoft Visual Studio Solution File, Format Version 12.00
# Visual Studio Version 17
VisualStudioVersion = 17.2.32630.192
MinimumVisualStudioVersion = 10.0.40219.1
Project("{FAE04EC0-301F-11D3-BF4B-00C04F79EFBC}") = "Assessment3_OOP", "Assessment3_OOP\Assessment3_OOP.csproj", "{2DD84983-0F08-4331-A283-10FA1CA515C9}"
EndProject
Global
	GlobalSection(SolutionConfigurationPlatforms) = preSolution
		Debug|Any CPU = Debug|Any CPU
		Release|Any CPU = Release|Any CPU
	EndGlobalSection
	GlobalSection(ProjectConfigurationPlatforms) = postSolution
		{2DD84983-0F08-4331-A283-10FA1CA515C9}.Debug|Any CPU.ActiveCfg = Debug|Any CPU
		{2DD84983-0F08-4331-A283-10FA1CA515C9}.Debug|Any CPU.Build.0 = Debug|Any CPU
		{2DD84983-0F08-4331-A283-10FA1CA515C9}.Release|Any CPU.ActiveCfg = Release|Any CPU
		{2DD84983-0F08-4331-A283-10FA1CA515C9}.Release|Any CPU.Build.0 = Release|Any CPU
	EndGlobalSection
	GlobalSection(SolutionProperties) = preSolution
		HideSolutionNode = FALSE
	EndGlobalSection
	GlobalSection(ExtensibilityGlobals) = postSolution
		SolutionGuid = {08324004-6F1B-420C-91F2-AB477BF9EF64}
	EndGlobalSection
EndGlobal
